// !$*UTF8*$!
{
	archiveVersion = 1;
	classes = {
	};
	objectVersion = 46;
	objects = {

/* Begin PBXBuildFile section */
		098025B7151539DB00DC9565 /* main.c in Sources */ = {isa = PBXBuildFile; fileRef = 098025B6151539DB00DC9565 /* main.c */; };
		098025B9151539DB00DC9565 /* QuickSort.1 in CopyFiles */ = {isa = PBXBuildFile; fileRef = 098025B8151539DB00DC9565 /* QuickSort.1 */; };
		098025F71515461500DC9565 /* libmpi_cxx.dylib in Frameworks */ = {isa = PBXBuildFile; fileRef = 098025D615153EEE00DC9565 /* libmpi_cxx.dylib */; };
		098025F81515461700DC9565 /* libmpi.dylib in Frameworks */ = {isa = PBXBuildFile; fileRef = 098025D515153EEE00DC9565 /* libmpi.dylib */; };
/* End PBXBuildFile section */

/* Begin PBXCopyFilesBuildPhase section */
		098025B0151539DB00DC9565 /* CopyFiles */ = {
			isa = PBXCopyFilesBuildPhase;
			buildActionMask = 2147483647;
			dstPath = /usr/share/man/man1/;
			dstSubfolderSpec = 0;
			files = (
				098025B9151539DB00DC9565 /* QuickSort.1 in CopyFiles */,
			);
			runOnlyForDeploymentPostprocessing = 1;
		};
/* End PBXCopyFilesBuildPhase section */

/* Begin PBXFileReference section */
		098025B2151539DB00DC9565 /* QuickSort */ = {isa = PBXFileReference; explicitFileType = "compiled.mach-o.executable"; includeInIndex = 0; path = QuickSort; sourceTree = BUILT_PRODUCTS_DIR; };
		098025B6151539DB00DC9565 /* main.c */ = {isa = PBXFileReference; lastKnownFileType = sourcecode.c.c; path = main.c; sourceTree = "<group>"; };
		098025B8151539DB00DC9565 /* QuickSort.1 */ = {isa = PBXFileReference; lastKnownFileType = text.man; path = QuickSort.1; sourceTree = "<group>"; };
		098025CE15153E1700DC9565 /* main.c */ = {isa = PBXFileReference; lastKnownFileType = sourcecode.c.c; path = main.c; sourceTree = "<group>"; };
		098025D015153E1700DC9565 /* TEST.1 */ = {isa = PBXFileReference; lastKnownFileType = text.man; path = TEST.1; sourceTree = "<group>"; };
		098025D515153EEE00DC9565 /* libmpi.dylib */ = {isa = PBXFileReference; lastKnownFileType = "compiled.mach-o.dylib"; name = libmpi.dylib; path = usr/local/lib/libmpi.dylib; sourceTree = SDKROOT; };
		098025D615153EEE00DC9565 /* libmpi_cxx.dylib */ = {isa = PBXFileReference; lastKnownFileType = "compiled.mach-o.dylib"; name = libmpi_cxx.dylib; path = usr/local/lib/libmpi_cxx.dylib; sourceTree = SDKROOT; };
/* End PBXFileReference section */

/* Begin PBXFrameworksBuildPhase section */
		098025AF151539DB00DC9565 /* Frameworks */ = {
			isa = PBXFrameworksBuildPhase;
			buildActionMask = 2147483647;
			files = (
				098025F71515461500DC9565 /* libmpi_cxx.dylib in Frameworks */,
				098025F81515461700DC9565 /* libmpi.dylib in Frameworks */,
			);
			runOnlyForDeploymentPostprocessing = 0;
		};
/* End PBXFrameworksBuildPhase section */

/* Begin PBXGroup section */
		098025A7151539DB00DC9565 = {
			isa = PBXGroup;
			children = (
				098025D515153EEE00DC9565 /* libmpi.dylib */,
				098025D615153EEE00DC9565 /* libmpi_cxx.dylib */,
				098025B5151539DB00DC9565 /* QuickSort */,
				098025CD15153E1700DC9565 /* TEST */,
				098025B3151539DB00DC9565 /* Products */,
			);
			sourceTree = "<group>";
		};
		098025B3151539DB00DC9565 /* Products */ = {
			isa = PBXGroup;
			children = (
				098025B2151539DB00DC9565 /* QuickSort */,
			);
			name = Products;
			sourceTree = "<group>";
		};
		098025B5151539DB00DC9565 /* QuickSort */ = {
			isa = PBXGroup;
			children = (
				098025B6151539DB00DC9565 /* main.c */,
				098025B8151539DB00DC9565 /* QuickSort.1 */,
			);
			path = QuickSort;
			sourceTree = "<group>";
		};
		098025CD15153E1700DC9565 /* TEST */ = {
			isa = PBXGroup;
			children = (
				098025CE15153E1700DC9565 /* main.c */,
				098025D015153E1700DC9565 /* TEST.1 */,
			);
			path = TEST;
			sourceTree = "<group>";
		};
/* End PBXGroup section */

/* Begin PBXNativeTarget section */
		098025B1151539DB00DC9565 /* QuickSort */ = {
			isa = PBXNativeTarget;
			buildConfigurationList = 098025BC151539DB00DC9565 /* Build configuration list for PBXNativeTarget "QuickSort" */;
			buildPhases = (
				098025AE151539DB00DC9565 /* Sources */,
				098025AF151539DB00DC9565 /* Frameworks */,
				098025B0151539DB00DC9565 /* CopyFiles */,
			);
			buildRules = (
			);
			dependencies = (
			);
			name = QuickSort;
			productName = QuickSort;
			productReference = 098025B2151539DB00DC9565 /* QuickSort */;
			productType = "com.apple.product-type.tool";
		};
/* End PBXNativeTarget section */

/* Begin PBXProject section */
		098025A9151539DB00DC9565 /* Project object */ = {
			isa = PBXProject;
			attributes = {
				LastUpgradeCheck = 0430;
			};
			buildConfigurationList = 098025AC151539DB00DC9565 /* Build configuration list for PBXProject "QuickSort" */;
			compatibilityVersion = "Xcode 3.2";
			developmentRegion = English;
			hasScannedForEncodings = 0;
			knownRegions = (
				en,
			);
			mainGroup = 098025A7151539DB00DC9565;
			productRefGroup = 098025B3151539DB00DC9565 /* Products */;
			projectDirPath = "";
			projectRoot = "";
			targets = (
				098025B1151539DB00DC9565 /* QuickSort */,
			);
		};
/* End PBXProject section */

/* Begin PBXSourcesBuildPhase section */
		098025AE151539DB00DC9565 /* Sources */ = {
			isa = PBXSourcesBuildPhase;
			buildActionMask = 2147483647;
			files = (
				098025B7151539DB00DC9565 /* main.c in Sources */,
			);
			runOnlyForDeploymentPostprocessing = 0;
		};
/* End PBXSourcesBuildPhase section */

/* Begin XCBuildConfiguration section */
		098025BA151539DB00DC9565 /* Debug */ = {
			isa = XCBuildConfiguration;
			buildSettings = {
				ALWAYS_SEARCH_USER_PATHS = NO;
				ARCHS = "$(ARCHS_STANDARD_64_BIT)";
				COPY_PHASE_STRIP = NO;
				GCC_C_LANGUAGE_STANDARD = gnu99;
				GCC_DYNAMIC_NO_PIC = NO;
				GCC_ENABLE_OBJC_EXCEPTIONS = YES;
				GCC_OPTIMIZATION_LEVEL = 0;
				GCC_PREPROCESSOR_DEFINITIONS = (
					"DEBUG=1",
					"$(inherited)",
				);
				GCC_SYMBOLS_PRIVATE_EXTERN = NO;
				GCC_VERSION = com.apple.compilers.llvm.clang.1_0;
				GCC_WARN_64_TO_32_BIT_CONVERSION = YES;
				GCC_WARN_ABOUT_RETURN_TYPE = YES;
				GCC_WARN_UNINITIALIZED_AUTOS = YES;
				GCC_WARN_UNUSED_VARIABLE = YES;
				MACOSX_DEPLOYMENT_TARGET = 10.7;
				ONLY_ACTIVE_ARCH = YES;
				SDKROOT = macosx;
			};
			name = Debug;
		};
		098025BB151539DB00DC9565 /* Release */ = {
			isa = XCBuildConfiguration;
			buildSettings = {
				ALWAYS_SEARCH_USER_PATHS = NO;
				ARCHS = "$(ARCHS_STANDARD_64_BIT)";
				COPY_PHASE_STRIP = YES;
				DEBUG_INFORMATION_FORMAT = "dwarf-with-dsym";
				GCC_C_LANGUAGE_STANDARD = gnu99;
				GCC_ENABLE_OBJC_EXCEPTIONS = YES;
				GCC_VERSION = com.apple.compilers.llvm.clang.1_0;
				GCC_WARN_64_TO_32_BIT_CONVERSION = YES;
				GCC_WARN_ABOUT_RETURN_TYPE = YES;
				GCC_WARN_UNINITIALIZED_AUTOS = YES;
				GCC_WARN_UNUSED_VARIABLE = YES;
				MACOSX_DEPLOYMENT_TARGET = 10.7;
				SDKROOT = macosx;
			};
			name = Release;
		};
		098025BD151539DB00DC9565 /* Debug */ = {
			isa = XCBuildConfiguration;
			buildSettings = {
				HEADER_SEARCH_PATHS = /usr/local/include/;
				LIBRARY_SEARCH_PATHS = (
					"$(inherited)",
					"\"$(SRCROOT)/QuickSort\"",
					/usr/local/lib/,
				);
				MACH_O_TYPE = mh_execute;
				OTHER_LDFLAGS = (
					"-lmpi",
					"-lopen-rte",
					"-lopen-pal",
					"-lutil",
				);
				PRODUCT_NAME = "$(TARGET_NAME)";
			};
			name = Debug;
		};
		098025BE151539DB00DC9565 /* Release */ = {
			isa = XCBuildConfiguration;
			buildSettings = {
				HEADER_SEARCH_PATHS = /usr/local/include/;
				LIBRARY_SEARCH_PATHS = (
					"$(inherited)",
					"\"$(SRCROOT)/QuickSort\"",
					/usr/local/lib/,
				);
				MACH_O_TYPE = mh_execute;
				OTHER_LDFLAGS = (
					"-lmpi",
					"-lopen-rte",
					"-lopen-pal",
					"-lutil",
				);
				PRODUCT_NAME = "$(TARGET_NAME)";
			};
			name = Release;
		};
/* End XCBuildConfiguration section */

/* Begin XCConfigurationList section */
		098025AC151539DB00DC9565 /* Build configuration list for PBXProject "QuickSort" */ = {
			isa = XCConfigurationList;
			buildConfigurations = (
				098025BA151539DB00DC9565 /* Debug */,
				098025BB151539DB00DC9565 /* Release */,
			);
			defaultConfigurationIsVisible = 0;
			defaultConfigurationName = Release;
		};
		098025BC151539DB00DC9565 /* Build configuration list for PBXNativeTarget "QuickSort" */ = {
			isa = XCConfigurationList;
			buildConfigurations = (
				098025BD151539DB00DC9565 /* Debug */,
				098025BE151539DB00DC9565 /* Release */,
			);
			defaultConfigurationIsVisible = 0;
			defaultConfigurationName = Release;
		};
/* End XCConfigurationList section */
	};
	rootObject = 098025A9151539DB00DC9565 /* Project object */;
}
